
Microsoft Visual Studio Solution File, Format Version 12.00
# Visual Studio Version 16
VisualStudioVersion = 16.0.29230.47
MinimumVisualStudioVersion = 10.0.40219.1
Project("{FAE04EC0-301F-11D3-BF4B-00C04F79EFBC}") = "SumLinq", "SumLinq\SumLinq.csproj", "{DCB5784A-294A-45D3-AFF1-50146B012C53}"
EndProject
Project("{FAE04EC0-301F-11D3-BF4B-00C04F79EFBC}") = "AvaregeLinq", "AvaregeLinq\AvaregeLinq.csproj", "{A91D480F-F16B-4717-A44C-A6F824AAC2F2}"
EndProject
Project("{FAE04EC0-301F-11D3-BF4B-00C04F79EFBC}") = "AggregateLinq", "AggregateLinq\AggregateLinq.csproj", "{40AE2259-C791-45EC-98E8-B10C95700AD7}"
EndProject
Global
	GlobalSection(SolutionConfigurationPlatforms) = preSolution
		Debug|Any CPU = Debug|Any CPU
		Release|Any CPU = Release|Any CPU
	EndGlobalSection
	GlobalSection(ProjectConfigurationPlatforms) = postSolution
		{DCB5784A-294A-45D3-AFF1-50146B012C53}.Debug|Any CPU.ActiveCfg = Debug|Any CPU
		{DCB5784A-294A-45D3-AFF1-50146B012C53}.Debug|Any CPU.Build.0 = Debug|Any CPU
		{DCB5784A-294A-45D3-AFF1-50146B012C53}.Release|Any CPU.ActiveCfg = Release|Any CPU
		{DCB5784A-294A-45D3-AFF1-50146B012C53}.Release|Any CPU.Build.0 = Release|Any CPU
		{A91D480F-F16B-4717-A44C-A6F824AAC2F2}.Debug|Any CPU.ActiveCfg = Debug|Any CPU
		{A91D480F-F16B-4717-A44C-A6F824AAC2F2}.Debug|Any CPU.Build.0 = Debug|Any CPU
		{A91D480F-F16B-4717-A44C-A6F824AAC2F2}.Release|Any CPU.ActiveCfg = Release|Any CPU
		{A91D480F-F16B-4717-A44C-A6F824AAC2F2}.Release|Any CPU.Build.0 = Release|Any CPU
		{40AE2259-C791-45EC-98E8-B10C95700AD7}.Debug|Any CPU.ActiveCfg = Debug|Any CPU
		{40AE2259-C791-45EC-98E8-B10C95700AD7}.Debug|Any CPU.Build.0 = Debug|Any CPU
		{40AE2259-C791-45EC-98E8-B10C95700AD7}.Release|Any CPU.ActiveCfg = Release|Any CPU
		{40AE2259-C791-45EC-98E8-B10C95700AD7}.Release|Any CPU.Build.0 = Release|Any CPU
	EndGlobalSection
	GlobalSection(SolutionProperties) = preSolution
		HideSolutionNode = FALSE
	EndGlobalSection
	GlobalSection(ExtensibilityGlobals) = postSolution
		SolutionGuid = {59850750-F1BD-4F38-A704-0E9CF9F68E30}
	EndGlobalSection
EndGlobal
