
Microsoft Visual Studio Solution File, Format Version 12.00
# Visual Studio Version 16
VisualStudioVersion = 16.0.29230.47
MinimumVisualStudioVersion = 10.0.40219.1
Project("{FAE04EC0-301F-11D3-BF4B-00C04F79EFBC}") = "LocacaoBiblioteca", "LocacaoBiblioteca\LocacaoBiblioteca.csproj", "{A280225A-4CFD-4338-BFEF-5CA660730781}"
EndProject
Project("{FAE04EC0-301F-11D3-BF4B-00C04F79EFBC}") = "InterfaceBiblioteca", "InterfaceBiblioteca\InterfaceBiblioteca.csproj", "{DBEE6E03-D5D1-4BC2-8D6E-403C80C0020A}"
EndProject
Global
	GlobalSection(SolutionConfigurationPlatforms) = preSolution
		Debug|Any CPU = Debug|Any CPU
		Release|Any CPU = Release|Any CPU
	EndGlobalSection
	GlobalSection(ProjectConfigurationPlatforms) = postSolution
		{A280225A-4CFD-4338-BFEF-5CA660730781}.Debug|Any CPU.ActiveCfg = Debug|Any CPU
		{A280225A-4CFD-4338-BFEF-5CA660730781}.Debug|Any CPU.Build.0 = Debug|Any CPU
		{A280225A-4CFD-4338-BFEF-5CA660730781}.Release|Any CPU.ActiveCfg = Release|Any CPU
		{A280225A-4CFD-4338-BFEF-5CA660730781}.Release|Any CPU.Build.0 = Release|Any CPU
		{DBEE6E03-D5D1-4BC2-8D6E-403C80C0020A}.Debug|Any CPU.ActiveCfg = Debug|Any CPU
		{DBEE6E03-D5D1-4BC2-8D6E-403C80C0020A}.Debug|Any CPU.Build.0 = Debug|Any CPU
		{DBEE6E03-D5D1-4BC2-8D6E-403C80C0020A}.Release|Any CPU.ActiveCfg = Release|Any CPU
		{DBEE6E03-D5D1-4BC2-8D6E-403C80C0020A}.Release|Any CPU.Build.0 = Release|Any CPU
	EndGlobalSection
	GlobalSection(SolutionProperties) = preSolution
		HideSolutionNode = FALSE
	EndGlobalSection
	GlobalSection(ExtensibilityGlobals) = postSolution
		SolutionGuid = {029001A4-301F-4CC6-877B-05186FC8BEBF}
	EndGlobalSection
EndGlobal
