
Microsoft Visual Studio Solution File, Format Version 12.00
# Visual Studio Version 16
VisualStudioVersion = 16.0.29230.47
MinimumVisualStudioVersion = 10.0.40219.1
Project("{FAE04EC0-301F-11D3-BF4B-00C04F79EFBC}") = "SistemaRelatorioCarros", "SistemaRelatorioCarros\SistemaRelatorioCarros.csproj", "{687EE158-6A47-4AF5-8CAA-E8DC5DC8B787}"
EndProject
Project("{FAE04EC0-301F-11D3-BF4B-00C04F79EFBC}") = "InterfaceSistemaRelatorio", "InterfaceSistemaRelatorio\InterfaceSistemaRelatorio.csproj", "{83D5EC79-5CFB-4BC5-BEB0-CCC25EF374FE}"
EndProject
Global
	GlobalSection(SolutionConfigurationPlatforms) = preSolution
		Debug|Any CPU = Debug|Any CPU
		Release|Any CPU = Release|Any CPU
	EndGlobalSection
	GlobalSection(ProjectConfigurationPlatforms) = postSolution
		{687EE158-6A47-4AF5-8CAA-E8DC5DC8B787}.Debug|Any CPU.ActiveCfg = Debug|Any CPU
		{687EE158-6A47-4AF5-8CAA-E8DC5DC8B787}.Debug|Any CPU.Build.0 = Debug|Any CPU
		{687EE158-6A47-4AF5-8CAA-E8DC5DC8B787}.Release|Any CPU.ActiveCfg = Release|Any CPU
		{687EE158-6A47-4AF5-8CAA-E8DC5DC8B787}.Release|Any CPU.Build.0 = Release|Any CPU
		{83D5EC79-5CFB-4BC5-BEB0-CCC25EF374FE}.Debug|Any CPU.ActiveCfg = Debug|Any CPU
		{83D5EC79-5CFB-4BC5-BEB0-CCC25EF374FE}.Debug|Any CPU.Build.0 = Debug|Any CPU
		{83D5EC79-5CFB-4BC5-BEB0-CCC25EF374FE}.Release|Any CPU.ActiveCfg = Release|Any CPU
		{83D5EC79-5CFB-4BC5-BEB0-CCC25EF374FE}.Release|Any CPU.Build.0 = Release|Any CPU
	EndGlobalSection
	GlobalSection(SolutionProperties) = preSolution
		HideSolutionNode = FALSE
	EndGlobalSection
	GlobalSection(ExtensibilityGlobals) = postSolution
		SolutionGuid = {54958E62-4BA3-4D3C-B177-67C28DF5694D}
	EndGlobalSection
EndGlobal
