
Microsoft Visual Studio Solution File, Format Version 12.00
# Visual Studio Version 16
VisualStudioVersion = 16.0.29020.237
MinimumVisualStudioVersion = 10.0.40219.1
Project("{FAE04EC0-301F-11D3-BF4B-00C04F79EFBC}") = "MatrizArray", "MatrizArray\MatrizArray.csproj", "{293C0B28-9993-4BED-A0F7-52B15C79B31B}"
EndProject
Global
	GlobalSection(SolutionConfigurationPlatforms) = preSolution
		Debug|Any CPU = Debug|Any CPU
		Release|Any CPU = Release|Any CPU
	EndGlobalSection
	GlobalSection(ProjectConfigurationPlatforms) = postSolution
		{293C0B28-9993-4BED-A0F7-52B15C79B31B}.Debug|Any CPU.ActiveCfg = Debug|Any CPU
		{293C0B28-9993-4BED-A0F7-52B15C79B31B}.Debug|Any CPU.Build.0 = Debug|Any CPU
		{293C0B28-9993-4BED-A0F7-52B15C79B31B}.Release|Any CPU.ActiveCfg = Release|Any CPU
		{293C0B28-9993-4BED-A0F7-52B15C79B31B}.Release|Any CPU.Build.0 = Release|Any CPU
	EndGlobalSection
	GlobalSection(SolutionProperties) = preSolution
		HideSolutionNode = FALSE
	EndGlobalSection
	GlobalSection(ExtensibilityGlobals) = postSolution
		SolutionGuid = {59D281A3-B258-404B-B209-93B249827A7F}
	EndGlobalSection
EndGlobal
