
Microsoft Visual Studio Solution File, Format Version 12.00
# Visual Studio Version 16
VisualStudioVersion = 16.0.29230.47
MinimumVisualStudioVersion = 10.0.40219.1
Project("{FAE04EC0-301F-11D3-BF4B-00C04F79EFBC}") = "CalculoIMCClient", "CalculoIMCClient\CalculoIMCClient.csproj", "{90FEBD93-DD90-4B72-B172-02DCC091947F}"
EndProject
Global
	GlobalSection(SolutionConfigurationPlatforms) = preSolution
		Debug|Any CPU = Debug|Any CPU
		Release|Any CPU = Release|Any CPU
	EndGlobalSection
	GlobalSection(ProjectConfigurationPlatforms) = postSolution
		{90FEBD93-DD90-4B72-B172-02DCC091947F}.Debug|Any CPU.ActiveCfg = Debug|Any CPU
		{90FEBD93-DD90-4B72-B172-02DCC091947F}.Debug|Any CPU.Build.0 = Debug|Any CPU
		{90FEBD93-DD90-4B72-B172-02DCC091947F}.Release|Any CPU.ActiveCfg = Release|Any CPU
		{90FEBD93-DD90-4B72-B172-02DCC091947F}.Release|Any CPU.Build.0 = Release|Any CPU
	EndGlobalSection
	GlobalSection(SolutionProperties) = preSolution
		HideSolutionNode = FALSE
	EndGlobalSection
	GlobalSection(ExtensibilityGlobals) = postSolution
		SolutionGuid = {7B4DBADD-3D61-4EA8-A927-AD1528712879}
	EndGlobalSection
EndGlobal
