
Microsoft Visual Studio Solution File, Format Version 12.00
# Visual Studio Version 16
VisualStudioVersion = 16.0.29230.47
MinimumVisualStudioVersion = 10.0.40219.1
Project("{FAE04EC0-301F-11D3-BF4B-00C04F79EFBC}") = "RevisandoEntity", "RevisandoEntity\RevisandoEntity.csproj", "{5377FE6A-89DD-4713-8CD0-64597C1B5FBF}"
EndProject
Project("{FAE04EC0-301F-11D3-BF4B-00C04F79EFBC}") = "AplicacaoVisual", "AplicacaoVisual\AplicacaoVisual.csproj", "{08359CE6-5FFE-4131-8E07-5DA36A8E71BA}"
EndProject
Global
	GlobalSection(SolutionConfigurationPlatforms) = preSolution
		Debug|Any CPU = Debug|Any CPU
		Release|Any CPU = Release|Any CPU
	EndGlobalSection
	GlobalSection(ProjectConfigurationPlatforms) = postSolution
		{5377FE6A-89DD-4713-8CD0-64597C1B5FBF}.Debug|Any CPU.ActiveCfg = Debug|Any CPU
		{5377FE6A-89DD-4713-8CD0-64597C1B5FBF}.Debug|Any CPU.Build.0 = Debug|Any CPU
		{5377FE6A-89DD-4713-8CD0-64597C1B5FBF}.Release|Any CPU.ActiveCfg = Release|Any CPU
		{5377FE6A-89DD-4713-8CD0-64597C1B5FBF}.Release|Any CPU.Build.0 = Release|Any CPU
		{08359CE6-5FFE-4131-8E07-5DA36A8E71BA}.Debug|Any CPU.ActiveCfg = Debug|Any CPU
		{08359CE6-5FFE-4131-8E07-5DA36A8E71BA}.Debug|Any CPU.Build.0 = Debug|Any CPU
		{08359CE6-5FFE-4131-8E07-5DA36A8E71BA}.Release|Any CPU.ActiveCfg = Release|Any CPU
		{08359CE6-5FFE-4131-8E07-5DA36A8E71BA}.Release|Any CPU.Build.0 = Release|Any CPU
	EndGlobalSection
	GlobalSection(SolutionProperties) = preSolution
		HideSolutionNode = FALSE
	EndGlobalSection
	GlobalSection(ExtensibilityGlobals) = postSolution
		SolutionGuid = {8F69085F-6291-499C-B2F2-52A1183C499A}
	EndGlobalSection
EndGlobal
