
Microsoft Visual Studio Solution File, Format Version 12.00
# Visual Studio Version 16
VisualStudioVersion = 16.0.29230.47
MinimumVisualStudioVersion = 10.0.40219.1
Project("{FAE04EC0-301F-11D3-BF4B-00C04F79EFBC}") = "CestaDeFrutas", "CestoDeFrutas\CestaDeFrutas.csproj", "{B063D6D4-74A4-4D2E-8A50-993E1D9BBDEE}"
EndProject
Project("{FAE04EC0-301F-11D3-BF4B-00C04F79EFBC}") = "FiltrandoListasPessoas", "FiltrandoListasPessoas\FiltrandoListasPessoas.csproj", "{C8983B57-3068-4E55-BC73-3D2C8BB7D0F3}"
EndProject
Project("{FAE04EC0-301F-11D3-BF4B-00C04F79EFBC}") = "FiltrandoListasPessoas2", "FiltrandoListasPessoas2\FiltrandoListasPessoas2.csproj", "{1BD14BD0-2DD1-4932-9ED6-5C3388C7910E}"
EndProject
Global
	GlobalSection(SolutionConfigurationPlatforms) = preSolution
		Debug|Any CPU = Debug|Any CPU
		Release|Any CPU = Release|Any CPU
	EndGlobalSection
	GlobalSection(ProjectConfigurationPlatforms) = postSolution
		{B063D6D4-74A4-4D2E-8A50-993E1D9BBDEE}.Debug|Any CPU.ActiveCfg = Debug|Any CPU
		{B063D6D4-74A4-4D2E-8A50-993E1D9BBDEE}.Debug|Any CPU.Build.0 = Debug|Any CPU
		{B063D6D4-74A4-4D2E-8A50-993E1D9BBDEE}.Release|Any CPU.ActiveCfg = Release|Any CPU
		{B063D6D4-74A4-4D2E-8A50-993E1D9BBDEE}.Release|Any CPU.Build.0 = Release|Any CPU
		{C8983B57-3068-4E55-BC73-3D2C8BB7D0F3}.Debug|Any CPU.ActiveCfg = Debug|Any CPU
		{C8983B57-3068-4E55-BC73-3D2C8BB7D0F3}.Debug|Any CPU.Build.0 = Debug|Any CPU
		{C8983B57-3068-4E55-BC73-3D2C8BB7D0F3}.Release|Any CPU.ActiveCfg = Release|Any CPU
		{C8983B57-3068-4E55-BC73-3D2C8BB7D0F3}.Release|Any CPU.Build.0 = Release|Any CPU
		{1BD14BD0-2DD1-4932-9ED6-5C3388C7910E}.Debug|Any CPU.ActiveCfg = Debug|Any CPU
		{1BD14BD0-2DD1-4932-9ED6-5C3388C7910E}.Debug|Any CPU.Build.0 = Debug|Any CPU
		{1BD14BD0-2DD1-4932-9ED6-5C3388C7910E}.Release|Any CPU.ActiveCfg = Release|Any CPU
		{1BD14BD0-2DD1-4932-9ED6-5C3388C7910E}.Release|Any CPU.Build.0 = Release|Any CPU
	EndGlobalSection
	GlobalSection(SolutionProperties) = preSolution
		HideSolutionNode = FALSE
	EndGlobalSection
	GlobalSection(ExtensibilityGlobals) = postSolution
		SolutionGuid = {05C2FF83-6036-4579-9C80-4BBF39DF5BAE}
	EndGlobalSection
EndGlobal
