
Microsoft Visual Studio Solution File, Format Version 12.00
# Visual Studio Version 16
VisualStudioVersion = 16.0.29230.47
MinimumVisualStudioVersion = 10.0.40219.1
Project("{FAE04EC0-301F-11D3-BF4B-00C04F79EFBC}") = "IniciandoForeach", "IniciandoForeach\IniciandoForeach.csproj", "{FE88A176-FD28-4C36-8C3A-FE4F8E717BC9}"
EndProject
Project("{FAE04EC0-301F-11D3-BF4B-00C04F79EFBC}") = "ExercicioForeach", "ExercicioForeach\ExercicioForeach.csproj", "{83E00CA6-A2D0-411A-969E-F297D7B689D7}"
EndProject
Project("{FAE04EC0-301F-11D3-BF4B-00C04F79EFBC}") = "ForeachMarcaDeCarros", "ForeachMarcaDeCarros\ForeachMarcaDeCarros.csproj", "{EE5DA2F8-C1D6-4E2B-A87E-B8712374A0BE}"
EndProject
Global
	GlobalSection(SolutionConfigurationPlatforms) = preSolution
		Debug|Any CPU = Debug|Any CPU
		Release|Any CPU = Release|Any CPU
	EndGlobalSection
	GlobalSection(ProjectConfigurationPlatforms) = postSolution
		{FE88A176-FD28-4C36-8C3A-FE4F8E717BC9}.Debug|Any CPU.ActiveCfg = Debug|Any CPU
		{FE88A176-FD28-4C36-8C3A-FE4F8E717BC9}.Debug|Any CPU.Build.0 = Debug|Any CPU
		{FE88A176-FD28-4C36-8C3A-FE4F8E717BC9}.Release|Any CPU.ActiveCfg = Release|Any CPU
		{FE88A176-FD28-4C36-8C3A-FE4F8E717BC9}.Release|Any CPU.Build.0 = Release|Any CPU
		{83E00CA6-A2D0-411A-969E-F297D7B689D7}.Debug|Any CPU.ActiveCfg = Debug|Any CPU
		{83E00CA6-A2D0-411A-969E-F297D7B689D7}.Debug|Any CPU.Build.0 = Debug|Any CPU
		{83E00CA6-A2D0-411A-969E-F297D7B689D7}.Release|Any CPU.ActiveCfg = Release|Any CPU
		{83E00CA6-A2D0-411A-969E-F297D7B689D7}.Release|Any CPU.Build.0 = Release|Any CPU
		{EE5DA2F8-C1D6-4E2B-A87E-B8712374A0BE}.Debug|Any CPU.ActiveCfg = Debug|Any CPU
		{EE5DA2F8-C1D6-4E2B-A87E-B8712374A0BE}.Debug|Any CPU.Build.0 = Debug|Any CPU
		{EE5DA2F8-C1D6-4E2B-A87E-B8712374A0BE}.Release|Any CPU.ActiveCfg = Release|Any CPU
		{EE5DA2F8-C1D6-4E2B-A87E-B8712374A0BE}.Release|Any CPU.Build.0 = Release|Any CPU
	EndGlobalSection
	GlobalSection(SolutionProperties) = preSolution
		HideSolutionNode = FALSE
	EndGlobalSection
	GlobalSection(ExtensibilityGlobals) = postSolution
		SolutionGuid = {16A4AA45-DB84-4AA0-81B3-225AB011D01F}
	EndGlobalSection
EndGlobal
