
Microsoft Visual Studio Solution File, Format Version 12.00
# Visual Studio Version 16
VisualStudioVersion = 16.0.29230.47
MinimumVisualStudioVersion = 10.0.40219.1
Project("{FAE04EC0-301F-11D3-BF4B-00C04F79EFBC}") = "CorreiosWebApi", "CorreiosWebApi\CorreiosWebApi.csproj", "{AD2105FA-A5E4-4075-87B7-B6C454623F94}"
EndProject
Global
	GlobalSection(SolutionConfigurationPlatforms) = preSolution
		Debug|Any CPU = Debug|Any CPU
		Release|Any CPU = Release|Any CPU
	EndGlobalSection
	GlobalSection(ProjectConfigurationPlatforms) = postSolution
		{AD2105FA-A5E4-4075-87B7-B6C454623F94}.Debug|Any CPU.ActiveCfg = Debug|Any CPU
		{AD2105FA-A5E4-4075-87B7-B6C454623F94}.Debug|Any CPU.Build.0 = Debug|Any CPU
		{AD2105FA-A5E4-4075-87B7-B6C454623F94}.Release|Any CPU.ActiveCfg = Release|Any CPU
		{AD2105FA-A5E4-4075-87B7-B6C454623F94}.Release|Any CPU.Build.0 = Release|Any CPU
	EndGlobalSection
	GlobalSection(SolutionProperties) = preSolution
		HideSolutionNode = FALSE
	EndGlobalSection
	GlobalSection(ExtensibilityGlobals) = postSolution
		SolutionGuid = {9BD06EA9-B07C-42AD-8180-1E8020213A39}
	EndGlobalSection
EndGlobal
