
Microsoft Visual Studio Solution File, Format Version 12.00
# Visual Studio Version 16
VisualStudioVersion = 16.0.29230.47
MinimumVisualStudioVersion = 10.0.40219.1
Project("{FAE04EC0-301F-11D3-BF4B-00C04F79EFBC}") = "MinhaPrimeiraClass", "MinhaPrimeiraClass\MinhaPrimeiraClass.csproj", "{DA8544D4-0ABD-4927-AD55-4563CE0F5808}"
EndProject
Project("{FAE04EC0-301F-11D3-BF4B-00C04F79EFBC}") = "MinhaSegundaClasse", "MinhaSegundaClasse\MinhaSegundaClasse.csproj", "{428CC120-AE10-4E07-B414-A8D7860AA597}"
EndProject
Global
	GlobalSection(SolutionConfigurationPlatforms) = preSolution
		Debug|Any CPU = Debug|Any CPU
		Release|Any CPU = Release|Any CPU
	EndGlobalSection
	GlobalSection(ProjectConfigurationPlatforms) = postSolution
		{DA8544D4-0ABD-4927-AD55-4563CE0F5808}.Debug|Any CPU.ActiveCfg = Debug|Any CPU
		{DA8544D4-0ABD-4927-AD55-4563CE0F5808}.Debug|Any CPU.Build.0 = Debug|Any CPU
		{DA8544D4-0ABD-4927-AD55-4563CE0F5808}.Release|Any CPU.ActiveCfg = Release|Any CPU
		{DA8544D4-0ABD-4927-AD55-4563CE0F5808}.Release|Any CPU.Build.0 = Release|Any CPU
		{428CC120-AE10-4E07-B414-A8D7860AA597}.Debug|Any CPU.ActiveCfg = Debug|Any CPU
		{428CC120-AE10-4E07-B414-A8D7860AA597}.Debug|Any CPU.Build.0 = Debug|Any CPU
		{428CC120-AE10-4E07-B414-A8D7860AA597}.Release|Any CPU.ActiveCfg = Release|Any CPU
		{428CC120-AE10-4E07-B414-A8D7860AA597}.Release|Any CPU.Build.0 = Release|Any CPU
	EndGlobalSection
	GlobalSection(SolutionProperties) = preSolution
		HideSolutionNode = FALSE
	EndGlobalSection
	GlobalSection(ExtensibilityGlobals) = postSolution
		SolutionGuid = {A7FD1903-C1FD-4DBF-A1D5-5F774FEF44FE}
	EndGlobalSection
EndGlobal
