
Microsoft Visual Studio Solution File, Format Version 12.00
# Visual Studio Version 16
VisualStudioVersion = 16.0.29230.47
MinimumVisualStudioVersion = 10.0.40219.1
Project("{FAE04EC0-301F-11D3-BF4B-00C04F79EFBC}") = "ListarCarrosDoAmigo", "ListarCarrosDoAmigo\ListarCarrosDoAmigo.csproj", "{4A0BC16F-AF7A-4F05-BF04-513BC6BEFC2B}"
EndProject
Global
	GlobalSection(SolutionConfigurationPlatforms) = preSolution
		Debug|Any CPU = Debug|Any CPU
		Release|Any CPU = Release|Any CPU
	EndGlobalSection
	GlobalSection(ProjectConfigurationPlatforms) = postSolution
		{4A0BC16F-AF7A-4F05-BF04-513BC6BEFC2B}.Debug|Any CPU.ActiveCfg = Debug|Any CPU
		{4A0BC16F-AF7A-4F05-BF04-513BC6BEFC2B}.Debug|Any CPU.Build.0 = Debug|Any CPU
		{4A0BC16F-AF7A-4F05-BF04-513BC6BEFC2B}.Release|Any CPU.ActiveCfg = Release|Any CPU
		{4A0BC16F-AF7A-4F05-BF04-513BC6BEFC2B}.Release|Any CPU.Build.0 = Release|Any CPU
	EndGlobalSection
	GlobalSection(SolutionProperties) = preSolution
		HideSolutionNode = FALSE
	EndGlobalSection
	GlobalSection(ExtensibilityGlobals) = postSolution
		SolutionGuid = {7732F7CF-F74E-4C33-8BBD-3931E431FD3D}
	EndGlobalSection
EndGlobal
