
Microsoft Visual Studio Solution File, Format Version 12.00
# Visual Studio Version 16
VisualStudioVersion = 16.0.29230.47
MinimumVisualStudioVersion = 10.0.40219.1
Project("{FAE04EC0-301F-11D3-BF4B-00C04F79EFBC}") = "UtilizandoWhile", "UtilizandoWhile\UtilizandoWhile.csproj", "{7584D9C1-B107-4019-B32B-BFDC7E8A6B7E}"
EndProject
Project("{FAE04EC0-301F-11D3-BF4B-00C04F79EFBC}") = "UtilizandoFor", "UtilizandoFor\UtilizandoFor.csproj", "{72FE808A-FFEF-4167-AB86-7B288201EB40}"
EndProject
Project("{FAE04EC0-301F-11D3-BF4B-00C04F79EFBC}") = "exercicioFor", "exercicioFor\exercicioFor.csproj", "{BB8AF042-59D0-44A4-8CAB-14A845B9DF72}"
EndProject
Project("{FAE04EC0-301F-11D3-BF4B-00C04F79EFBC}") = "exercicioWhile", "exercicioWhile\exercicioWhile.csproj", "{41B03F76-CEBC-4B88-B57D-D6A2027DB16A}"
EndProject
Project("{FAE04EC0-301F-11D3-BF4B-00C04F79EFBC}") = "CorrecaoExercicioForWhile", "CorrecaoExercicioForWhile\CorrecaoExercicioForWhile.csproj", "{82466F12-B1D3-4214-9524-95AD297A3383}"
EndProject
Project("{FAE04EC0-301F-11D3-BF4B-00C04F79EFBC}") = "ExercicioForSimplificado", "ExercicioWhileSimplificado\ExercicioForSimplificado.csproj", "{27B3771E-19B6-4813-A6E6-0320B98B23D6}"
EndProject
Global
	GlobalSection(SolutionConfigurationPlatforms) = preSolution
		Debug|Any CPU = Debug|Any CPU
		Release|Any CPU = Release|Any CPU
	EndGlobalSection
	GlobalSection(ProjectConfigurationPlatforms) = postSolution
		{7584D9C1-B107-4019-B32B-BFDC7E8A6B7E}.Debug|Any CPU.ActiveCfg = Debug|Any CPU
		{7584D9C1-B107-4019-B32B-BFDC7E8A6B7E}.Debug|Any CPU.Build.0 = Debug|Any CPU
		{7584D9C1-B107-4019-B32B-BFDC7E8A6B7E}.Release|Any CPU.ActiveCfg = Release|Any CPU
		{7584D9C1-B107-4019-B32B-BFDC7E8A6B7E}.Release|Any CPU.Build.0 = Release|Any CPU
		{72FE808A-FFEF-4167-AB86-7B288201EB40}.Debug|Any CPU.ActiveCfg = Debug|Any CPU
		{72FE808A-FFEF-4167-AB86-7B288201EB40}.Debug|Any CPU.Build.0 = Debug|Any CPU
		{72FE808A-FFEF-4167-AB86-7B288201EB40}.Release|Any CPU.ActiveCfg = Release|Any CPU
		{72FE808A-FFEF-4167-AB86-7B288201EB40}.Release|Any CPU.Build.0 = Release|Any CPU
		{BB8AF042-59D0-44A4-8CAB-14A845B9DF72}.Debug|Any CPU.ActiveCfg = Debug|Any CPU
		{BB8AF042-59D0-44A4-8CAB-14A845B9DF72}.Debug|Any CPU.Build.0 = Debug|Any CPU
		{BB8AF042-59D0-44A4-8CAB-14A845B9DF72}.Release|Any CPU.ActiveCfg = Release|Any CPU
		{BB8AF042-59D0-44A4-8CAB-14A845B9DF72}.Release|Any CPU.Build.0 = Release|Any CPU
		{41B03F76-CEBC-4B88-B57D-D6A2027DB16A}.Debug|Any CPU.ActiveCfg = Debug|Any CPU
		{41B03F76-CEBC-4B88-B57D-D6A2027DB16A}.Debug|Any CPU.Build.0 = Debug|Any CPU
		{41B03F76-CEBC-4B88-B57D-D6A2027DB16A}.Release|Any CPU.ActiveCfg = Release|Any CPU
		{41B03F76-CEBC-4B88-B57D-D6A2027DB16A}.Release|Any CPU.Build.0 = Release|Any CPU
		{82466F12-B1D3-4214-9524-95AD297A3383}.Debug|Any CPU.ActiveCfg = Debug|Any CPU
		{82466F12-B1D3-4214-9524-95AD297A3383}.Debug|Any CPU.Build.0 = Debug|Any CPU
		{82466F12-B1D3-4214-9524-95AD297A3383}.Release|Any CPU.ActiveCfg = Release|Any CPU
		{82466F12-B1D3-4214-9524-95AD297A3383}.Release|Any CPU.Build.0 = Release|Any CPU
		{27B3771E-19B6-4813-A6E6-0320B98B23D6}.Debug|Any CPU.ActiveCfg = Debug|Any CPU
		{27B3771E-19B6-4813-A6E6-0320B98B23D6}.Debug|Any CPU.Build.0 = Debug|Any CPU
		{27B3771E-19B6-4813-A6E6-0320B98B23D6}.Release|Any CPU.ActiveCfg = Release|Any CPU
		{27B3771E-19B6-4813-A6E6-0320B98B23D6}.Release|Any CPU.Build.0 = Release|Any CPU
	EndGlobalSection
	GlobalSection(SolutionProperties) = preSolution
		HideSolutionNode = FALSE
	EndGlobalSection
	GlobalSection(ExtensibilityGlobals) = postSolution
		SolutionGuid = {1EC3F40F-0731-4D1E-B216-BF4CC2A5C5BE}
	EndGlobalSection
EndGlobal
